
Microsoft Visual Studio Solution File, Format Version 12.00
# Visual Studio 14
VisualStudioVersion = 14.0.22609.0
MinimumVisualStudioVersion = 10.0.40219.1
Project("{FAE04EC0-301F-11D3-BF4B-00C04F79EFBC}") = "Minibench.Framework", "Minibench.Framework\Minibench.Framework.csproj", "{C56DDB4F-A05D-4D37-B5D6-8E8B17EDA3EA}"
EndProject
Project("{FAE04EC0-301F-11D3-BF4B-00C04F79EFBC}") = "Minibench.Demo", "Minibench.Demo\Minibench.Demo.csproj", "{43E9B800-99ED-4FDC-A520-847AC1D7EA95}"
EndProject
Project("{FAE04EC0-301F-11D3-BF4B-00C04F79EFBC}") = "Minibench.Analyzer", "Minibench.Analyzer\Minibench.Analyzer.csproj", "{C20855DB-C1B4-4349-8325-DABE36FDDDD0}"
EndProject
Project("{FAE04EC0-301F-11D3-BF4B-00C04F79EFBC}") = "Minibench.SimpleComparer", "Minibench.SimpleComparer\Minibench.SimpleComparer.csproj", "{9C8713C0-E8F9-4D1F-BB99-EB45079B1120}"
EndProject
Global
	GlobalSection(SolutionConfigurationPlatforms) = preSolution
		Debug|Any CPU = Debug|Any CPU
		Release|Any CPU = Release|Any CPU
	EndGlobalSection
	GlobalSection(ProjectConfigurationPlatforms) = postSolution
		{C56DDB4F-A05D-4D37-B5D6-8E8B17EDA3EA}.Debug|Any CPU.ActiveCfg = Debug|Any CPU
		{C56DDB4F-A05D-4D37-B5D6-8E8B17EDA3EA}.Debug|Any CPU.Build.0 = Debug|Any CPU
		{C56DDB4F-A05D-4D37-B5D6-8E8B17EDA3EA}.Release|Any CPU.ActiveCfg = Release|Any CPU
		{C56DDB4F-A05D-4D37-B5D6-8E8B17EDA3EA}.Release|Any CPU.Build.0 = Release|Any CPU
		{43E9B800-99ED-4FDC-A520-847AC1D7EA95}.Debug|Any CPU.ActiveCfg = Debug|Any CPU
		{43E9B800-99ED-4FDC-A520-847AC1D7EA95}.Debug|Any CPU.Build.0 = Debug|Any CPU
		{43E9B800-99ED-4FDC-A520-847AC1D7EA95}.Release|Any CPU.ActiveCfg = Release|Any CPU
		{43E9B800-99ED-4FDC-A520-847AC1D7EA95}.Release|Any CPU.Build.0 = Release|Any CPU
		{C20855DB-C1B4-4349-8325-DABE36FDDDD0}.Debug|Any CPU.ActiveCfg = Debug|Any CPU
		{C20855DB-C1B4-4349-8325-DABE36FDDDD0}.Debug|Any CPU.Build.0 = Debug|Any CPU
		{C20855DB-C1B4-4349-8325-DABE36FDDDD0}.Release|Any CPU.ActiveCfg = Release|Any CPU
		{C20855DB-C1B4-4349-8325-DABE36FDDDD0}.Release|Any CPU.Build.0 = Release|Any CPU
		{9C8713C0-E8F9-4D1F-BB99-EB45079B1120}.Debug|Any CPU.ActiveCfg = Debug|Any CPU
		{9C8713C0-E8F9-4D1F-BB99-EB45079B1120}.Debug|Any CPU.Build.0 = Debug|Any CPU
		{9C8713C0-E8F9-4D1F-BB99-EB45079B1120}.Release|Any CPU.ActiveCfg = Release|Any CPU
		{9C8713C0-E8F9-4D1F-BB99-EB45079B1120}.Release|Any CPU.Build.0 = Release|Any CPU
	EndGlobalSection
	GlobalSection(SolutionProperties) = preSolution
		HideSolutionNode = FALSE
	EndGlobalSection
EndGlobal
